// !$*UTF8*$!
{
	archiveVersion = 1;
	classes = {
	};
	objectVersion = 46;
	objects = {

/* Begin PBXBuildFile section */
		CED6BF441F3A5A9800783DDC /* AppDelegate.swift in Sources */ = {isa = PBXBuildFile; fileRef = CED6BF431F3A5A9800783DDC /* AppDelegate.swift */; };
		CED6BF461F3A5A9800783DDC /* ViewController.swift in Sources */ = {isa = PBXBuildFile; fileRef = CED6BF451F3A5A9800783DDC /* ViewController.swift */; };
		CED6BF491F3A5A9800783DDC /* Main.storyboard in Resources */ = {isa = PBXBuildFile; fileRef = CED6BF471F3A5A9800783DDC /* Main.storyboard */; };
		CED6BF4B1F3A5A9800783DDC /* Assets.xcassets in Resources */ = {isa = PBXBuildFile; fileRef = CED6BF4A1F3A5A9800783DDC /* Assets.xcassets */; };
		CED6BF4E1F3A5A9800783DDC /* LaunchScreen.storyboard in Resources */ = {isa = PBXBuildFile; fileRef = CED6BF4C1F3A5A9800783DDC /* LaunchScreen.storyboard */; };
		CED6BF581F3A5B0900783DDC /* CustomTextField.swift in Sources */ = {isa = PBXBuildFile; fileRef = CED6BF571F3A5B0900783DDC /* CustomTextField.swift */; };
/* End PBXBuildFile section */

/* Begin PBXFileReference section */
		CED6BF401F3A5A9800783DDC /* CustomTextField.app */ = {isa = PBXFileReference; explicitFileType = wrapper.application; includeInIndex = 0; path = CustomTextField.app; sourceTree = BUILT_PRODUCTS_DIR; };
		CED6BF431F3A5A9800783DDC /* AppDelegate.swift */ = {isa = PBXFileReference; lastKnownFileType = sourcecode.swift; path = AppDelegate.swift; sourceTree = "<group>"; };
		CED6BF451F3A5A9800783DDC /* ViewController.swift */ = {isa = PBXFileReference; lastKnownFileType = sourcecode.swift; path = ViewController.swift; sourceTree = "<group>"; };
		CED6BF481F3A5A9800783DDC /* Base */ = {isa = PBXFileReference; lastKnownFileType = file.storyboard; name = Base; path = Base.lproj/Main.storyboard; sourceTree = "<group>"; };
		CED6BF4A1F3A5A9800783DDC /* Assets.xcassets */ = {isa = PBXFileReference; lastKnownFileType = folder.assetcatalog; path = Assets.xcassets; sourceTree = "<group>"; };
		CED6BF4D1F3A5A9800783DDC /* Base */ = {isa = PBXFileReference; lastKnownFileType = file.storyboard; name = Base; path = Base.lproj/LaunchScreen.storyboard; sourceTree = "<group>"; };
		CED6BF4F1F3A5A9800783DDC /* Info.plist */ = {isa = PBXFileReference; lastKnownFileType = text.plist.xml; path = Info.plist; sourceTree = "<group>"; };
		CED6BF571F3A5B0900783DDC /* CustomTextField.swift */ = {isa = PBXFileReference; fileEncoding = 4; lastKnownFileType = sourcecode.swift; path = CustomTextField.swift; sourceTree = "<group>"; };
/* End PBXFileReference section */

/* Begin PBXFrameworksBuildPhase section */
		CED6BF3D1F3A5A9800783DDC /* Frameworks */ = {
			isa = PBXFrameworksBuildPhase;
			buildActionMask = 2147483647;
			files = (
			);
			runOnlyForDeploymentPostprocessing = 0;
		};
/* End PBXFrameworksBuildPhase section */

/* Begin PBXGroup section */
		CED6BF371F3A5A9800783DDC = {
			isa = PBXGroup;
			children = (
				CED6BF421F3A5A9800783DDC /* CustomTextField */,
				CED6BF411F3A5A9800783DDC /* Products */,
			);
			sourceTree = "<group>";
		};
		CED6BF411F3A5A9800783DDC /* Products */ = {
			isa = PBXGroup;
			children = (
				CED6BF401F3A5A9800783DDC /* CustomTextField.app */,
			);
			name = Products;
			sourceTree = "<group>";
		};
		CED6BF421F3A5A9800783DDC /* CustomTextField */ = {
			isa = PBXGroup;
			children = (
				CED6BF571F3A5B0900783DDC /* CustomTextField.swift */,
				CED6BF431F3A5A9800783DDC /* AppDelegate.swift */,
				CED6BF451F3A5A9800783DDC /* ViewController.swift */,
				CED6BF551F3A5ADB00783DDC /* Storyboards */,
				CED6BF561F3A5AE700783DDC /* Supporting Files */,
			);
			path = CustomTextField;
			sourceTree = "<group>";
		};
		CED6BF551F3A5ADB00783DDC /* Storyboards */ = {
			isa = PBXGroup;
			children = (
				CED6BF471F3A5A9800783DDC /* Main.storyboard */,
				CED6BF4C1F3A5A9800783DDC /* LaunchScreen.storyboard */,
			);
			name = Storyboards;
			sourceTree = "<group>";
		};
		CED6BF561F3A5AE700783DDC /* Supporting Files */ = {
			isa = PBXGroup;
			children = (
				CED6BF4A1F3A5A9800783DDC /* Assets.xcassets */,
				CED6BF4F1F3A5A9800783DDC /* Info.plist */,
			);
			name = "Supporting Files";
			sourceTree = "<group>";
		};
/* End PBXGroup section */

/* Begin PBXNativeTarget section */
		CED6BF3F1F3A5A9800783DDC /* CustomTextField */ = {
			isa = PBXNativeTarget;
			buildConfigurationList = CED6BF521F3A5A9800783DDC /* Build configuration list for PBXNativeTarget "CustomTextField" */;
			buildPhases = (
				CED6BF3C1F3A5A9800783DDC /* Sources */,
				CED6BF3D1F3A5A9800783DDC /* Frameworks */,
				CED6BF3E1F3A5A9800783DDC /* Resources */,
			);
			buildRules = (
			);
			dependencies = (
			);
			name = CustomTextField;
			productName = CustomTextField;
			productReference = CED6BF401F3A5A9800783DDC /* CustomTextField.app */;
			productType = "com.apple.product-type.application";
		};
/* End PBXNativeTarget section */

/* Begin PBXProject section */
		CED6BF381F3A5A9800783DDC /* Project object */ = {
			isa = PBXProject;
			attributes = {
				LastSwiftUpdateCheck = 0830;
				LastUpgradeCheck = 0830;
				ORGANIZATIONNAME = nyg;
				TargetAttributes = {
					CED6BF3F1F3A5A9800783DDC = {
						CreatedOnToolsVersion = 8.3.3;
						DevelopmentTeam = 7BPPXA6BRU;
						ProvisioningStyle = Automatic;
					};
				};
			};
			buildConfigurationList = CED6BF3B1F3A5A9800783DDC /* Build configuration list for PBXProject "CustomTextField" */;
			compatibilityVersion = "Xcode 3.2";
			developmentRegion = English;
			hasScannedForEncodings = 0;
			knownRegions = (
				en,
				Base,
			);
			mainGroup = CED6BF371F3A5A9800783DDC;
			productRefGroup = CED6BF411F3A5A9800783DDC /* Products */;
			projectDirPath = "";
			projectRoot = "";
			targets = (
				CED6BF3F1F3A5A9800783DDC /* CustomTextField */,
			);
		};
/* End PBXProject section */

/* Begin PBXResourcesBuildPhase section */
		CED6BF3E1F3A5A9800783DDC /* Resources */ = {
			isa = PBXResourcesBuildPhase;
			buildActionMask = 2147483647;
			files = (
				CED6BF4E1F3A5A9800783DDC /* LaunchScreen.storyboard in Resources */,
				CED6BF4B1F3A5A9800783DDC /* Assets.xcassets in Resources */,
				CED6BF491F3A5A9800783DDC /* Main.storyboard in Resources */,
			);
			runOnlyForDeploymentPostprocessing = 0;
		};
/* End PBXResourcesBuildPhase section */

/* Begin PBXSourcesBuildPhase section */
		CED6BF3C1F3A5A9800783DDC /* Sources */ = {
			isa = PBXSourcesBuildPhase;
			buildActionMask = 2147483647;
			files = (
				CED6BF461F3A5A9800783DDC /* ViewController.swift in Sources */,
				CED6BF441F3A5A9800783DDC /* AppDelegate.swift in Sources */,
				CED6BF581F3A5B0900783DDC /* CustomTextField.swift in Sources */,
			);
			runOnlyForDeploymentPostprocessing = 0;
		};
/* End PBXSourcesBuildPhase section */

/* Begin PBXVariantGroup section */
		CED6BF471F3A5A9800783DDC /* Main.storyboard */ = {
			isa = PBXVariantGroup;
			children = (
				CED6BF481F3A5A9800783DDC /* Base */,
			);
			name = Main.storyboard;
			sourceTree = "<group>";
		};
		CED6BF4C1F3A5A9800783DDC /* LaunchScreen.storyboard */ = {
			isa = PBXVariantGroup;
			children = (
				CED6BF4D1F3A5A9800783DDC /* Base */,
			);
			name = LaunchScreen.storyboard;
			sourceTree = "<group>";
		};
/* End PBXVariantGroup section */

/* Begin XCBuildConfiguration section */
		CED6BF501F3A5A9800783DDC /* Debug */ = {
			isa = XCBuildConfiguration;
			buildSettings = {
				ALWAYS_SEARCH_USER_PATHS = NO;
				CLANG_ANALYZER_NONNULL = YES;
				CLANG_ANALYZER_NUMBER_OBJECT_CONVERSION = YES_AGGRESSIVE;
				CLANG_CXX_LANGUAGE_STANDARD = "gnu++0x";
				CLANG_CXX_LIBRARY = "libc++";
				CLANG_ENABLE_MODULES = YES;
				CLANG_ENABLE_OBJC_ARC = YES;
				CLANG_WARN_BOOL_CONVERSION = YES;
				CLANG_WARN_CONSTANT_CONVERSION = YES;
				CLANG_WARN_DIRECT_OBJC_ISA_USAGE = YES_ERROR;
				CLANG_WARN_DOCUMENTATION_COMMENTS = YES;
				CLANG_WARN_EMPTY_BODY = YES;
				CLANG_WARN_ENUM_CONVERSION = YES;
				CLANG_WARN_INFINITE_RECURSION = YES;
				CLANG_WARN_INT_CONVERSION = YES;
				CLANG_WARN_OBJC_ROOT_CLASS = YES_ERROR;
				CLANG_WARN_SUSPICIOUS_MOVE = YES;
				CLANG_WARN_UNREACHABLE_CODE = YES;
				CLANG_WARN__DUPLICATE_METHOD_MATCH = YES;
				"CODE_SIGN_IDENTITY[sdk=iphoneos*]" = "iPhone Developer";
				COPY_PHASE_STRIP = NO;
				DEBUG_INFORMATION_FORMAT = dwarf;
				ENABLE_STRICT_OBJC_MSGSEND = YES;
				ENABLE_TESTABILITY = YES;
				GCC_C_LANGUAGE_STANDARD = gnu99;
				GCC_DYNAMIC_NO_PIC = NO;
				GCC_NO_COMMON_BLOCKS = YES;
				GCC_OPTIMIZATION_LEVEL = 0;
				GCC_PREPROCESSOR_DEFINITIONS = (
					"DEBUG=1",
					"$(inherited)",
				);
				GCC_WARN_64_TO_32_BIT_CONVERSION = YES;
				GCC_WARN_ABOUT_RETURN_TYPE = YES_ERROR;
				GCC_WARN_UNDECLARED_SELECTOR = YES;
				GCC_WARN_UNINITIALIZED_AUTOS = YES_AGGRESSIVE;
				GCC_WARN_UNUSED_FUNCTION = YES;
				GCC_WARN_UNUSED_VARIABLE = YES;
				IPHONEOS_DEPLOYMENT_TARGET = 10.3;
				MTL_ENABLE_DEBUG_INFO = YES;
				ONLY_ACTIVE_ARCH = YES;
				SDKROOT = iphoneos;
				SWIFT_ACTIVE_COMPILATION_CONDITIONS = DEBUG;
				SWIFT_OPTIMIZATION_LEVEL = "-Onone";
				TARGETED_DEVICE_FAMILY = "1,2";
			};
			name = Debug;
		};
		CED6BF511F3A5A9800783DDC /* Release */ = {
			isa = XCBuildConfiguration;
			buildSettings = {
				ALWAYS_SEARCH_USER_PATHS = NO;
				CLANG_ANALYZER_NONNULL = YES;
				CLANG_ANALYZER_NUMBER_OBJECT_CONVERSION = YES_AGGRESSIVE;
				CLANG_CXX_LANGUAGE_STANDARD = "gnu++0x";
				CLANG_CXX_LIBRARY = "libc++";
				CLANG_ENABLE_MODULES = YES;
				CLANG_ENABLE_OBJC_ARC = YES;
				CLANG_WARN_BOOL_CONVERSION = YES;
				CLANG_WARN_CONSTANT_CONVERSION = YES;
				CLANG_WARN_DIRECT_OBJC_ISA_USAGE = YES_ERROR;
				CLANG_WARN_DOCUMENTATION_COMMENTS = YES;
				CLANG_WARN_EMPTY_BODY = YES;
				CLANG_WARN_ENUM_CONVERSION = YES;
				CLANG_WARN_INFINITE_RECURSION = YES;
				CLANG_WARN_INT_CONVERSION = YES;
				CLANG_WARN_OBJC_ROOT_CLASS = YES_ERROR;
				CLANG_WARN_SUSPICIOUS_MOVE = YES;
				CLANG_WARN_UNREACHABLE_CODE = YES;
				CLANG_WARN__DUPLICATE_METHOD_MATCH = YES;
				"CODE_SIGN_IDENTITY[sdk=iphoneos*]" = "iPhone Developer";
				COPY_PHASE_STRIP = NO;
				DEBUG_INFORMATION_FORMAT = "dwarf-with-dsym";
				ENABLE_NS_ASSERTIONS = NO;
				ENABLE_STRICT_OBJC_MSGSEND = YES;
				GCC_C_LANGUAGE_STANDARD = gnu99;
				GCC_NO_COMMON_BLOCKS = YES;
				GCC_WARN_64_TO_32_BIT_CONVERSION = YES;
				GCC_WARN_ABOUT_RETURN_TYPE = YES_ERROR;
				GCC_WARN_UNDECLARED_SELECTOR = YES;
				GCC_WARN_UNINITIALIZED_AUTOS = YES_AGGRESSIVE;
				GCC_WARN_UNUSED_FUNCTION = YES;
				GCC_WARN_UNUSED_VARIABLE = YES;
				IPHONEOS_DEPLOYMENT_TARGET = 10.3;
				MTL_ENABLE_DEBUG_INFO = NO;
				SDKROOT = iphoneos;
				SWIFT_OPTIMIZATION_LEVEL = "-Owholemodule";
				TARGETED_DEVICE_FAMILY = "1,2";
				VALIDATE_PRODUCT = YES;
			};
			name = Release;
		};
		CED6BF531F3A5A9800783DDC /* Debug */ = {
			isa = XCBuildConfiguration;
			buildSettings = {
				ASSETCATALOG_COMPILER_APPICON_NAME = AppIcon;
				DEVELOPMENT_TEAM = 7BPPXA6BRU;
				INFOPLIST_FILE = CustomTextField/Info.plist;
				LD_RUNPATH_SEARCH_PATHS = "$(inherited) @executable_path/Frameworks";
				PRODUCT_BUNDLE_IDENTIFIER = ch.nyg.CustomTextField;
				PRODUCT_NAME = "$(TARGET_NAME)";
				SWIFT_VERSION = 3.0;
			};
			name = Debug;
		};
		CED6BF541F3A5A9800783DDC /* Release */ = {
			isa = XCBuildConfiguration;
			buildSettings = {
				ASSETCATALOG_COMPILER_APPICON_NAME = AppIcon;
				DEVELOPMENT_TEAM = 7BPPXA6BRU;
				INFOPLIST_FILE = CustomTextField/Info.plist;
				LD_RUNPATH_SEARCH_PATHS = "$(inherited) @executable_path/Frameworks";
				PRODUCT_BUNDLE_IDENTIFIER = ch.nyg.CustomTextField;
				PRODUCT_NAME = "$(TARGET_NAME)";
				SWIFT_VERSION = 3.0;
			};
			name = Release;
		};
/* End XCBuildConfiguration section */

/* Begin XCConfigurationList section */
		CED6BF3B1F3A5A9800783DDC /* Build configuration list for PBXProject "CustomTextField" */ = {
			isa = XCConfigurationList;
			buildConfigurations = (
				CED6BF501F3A5A9800783DDC /* Debug */,
				CED6BF511F3A5A9800783DDC /* Release */,
			);
			defaultConfigurationIsVisible = 0;
			defaultConfigurationName = Release;
		};
		CED6BF521F3A5A9800783DDC /* Build configuration list for PBXNativeTarget "CustomTextField" */ = {
			isa = XCConfigurationList;
			buildConfigurations = (
				CED6BF531F3A5A9800783DDC /* Debug */,
				CED6BF541F3A5A9800783DDC /* Release */,
			);
			defaultConfigurationIsVisible = 0;
			defaultConfigurationName = Release;
		};
/* End XCConfigurationList section */
	};
	rootObject = CED6BF381F3A5A9800783DDC /* Project object */;
}
